
Microsoft Visual Studio Solution File, Format Version 12.00
# Visual Studio Version 17
VisualStudioVersion = 17.11.35208.52
MinimumVisualStudioVersion = 10.0.40219.1
Project("{FAE04EC0-301F-11D3-BF4B-00C04F79EFBC}") = "Projekt-programowanie", "Projekt-programowanie\Projekt-programowanie.csproj", "{8407DC49-FDBF-40D2-9398-7C314260EDF1}"
EndProject
Global
	GlobalSection(SolutionConfigurationPlatforms) = preSolution
		Debug|Any CPU = Debug|Any CPU
		Release|Any CPU = Release|Any CPU
	EndGlobalSection
	GlobalSection(ProjectConfigurationPlatforms) = postSolution
		{8407DC49-FDBF-40D2-9398-7C314260EDF1}.Debug|Any CPU.ActiveCfg = Debug|Any CPU
		{8407DC49-FDBF-40D2-9398-7C314260EDF1}.Debug|Any CPU.Build.0 = Debug|Any CPU
		{8407DC49-FDBF-40D2-9398-7C314260EDF1}.Release|Any CPU.ActiveCfg = Release|Any CPU
		{8407DC49-FDBF-40D2-9398-7C314260EDF1}.Release|Any CPU.Build.0 = Release|Any CPU
	EndGlobalSection
	GlobalSection(SolutionProperties) = preSolution
		HideSolutionNode = FALSE
	EndGlobalSection
	GlobalSection(ExtensibilityGlobals) = postSolution
		SolutionGuid = {D24372EC-DF56-42F3-B712-CCD514C62377}
	EndGlobalSection
EndGlobal
